
Microsoft Visual Studio Solution File, Format Version 12.00
# Visual Studio Version 17
VisualStudioVersion = 17.6.33712.159
MinimumVisualStudioVersion = 10.0.40219.1
Project("{FAE04EC0-301F-11D3-BF4B-00C04F79EFBC}") = "gallery_example2", "gallery_example2\gallery_example2.csproj", "{782D87C6-DEF4-48A5-A932-01576D3F8AE4}"
EndProject
Global
	GlobalSection(SolutionConfigurationPlatforms) = preSolution
		Debug|Any CPU = Debug|Any CPU
		Release|Any CPU = Release|Any CPU
	EndGlobalSection
	GlobalSection(ProjectConfigurationPlatforms) = postSolution
		{782D87C6-DEF4-48A5-A932-01576D3F8AE4}.Debug|Any CPU.ActiveCfg = Debug|Any CPU
		{782D87C6-DEF4-48A5-A932-01576D3F8AE4}.Debug|Any CPU.Build.0 = Debug|Any CPU
		{782D87C6-DEF4-48A5-A932-01576D3F8AE4}.Release|Any CPU.ActiveCfg = Release|Any CPU
		{782D87C6-DEF4-48A5-A932-01576D3F8AE4}.Release|Any CPU.Build.0 = Release|Any CPU
	EndGlobalSection
	GlobalSection(SolutionProperties) = preSolution
		HideSolutionNode = FALSE
	EndGlobalSection
	GlobalSection(ExtensibilityGlobals) = postSolution
		SolutionGuid = {DC2E35A9-D9F8-49CF-BA6F-62468DDF387D}
	EndGlobalSection
EndGlobal
